
Microsoft Visual Studio Solution File, Format Version 11.00
# Visual Studio 2010
Project("{CC5FD16D-436D-48AD-A40C-5A424C6E3E79}") = "RunningPerlInAzure", "RunningPerlInAzure\RunningPerlInAzure.ccproj", "{57324999-167F-47A5-B9A3-FFEC16DE3D16}"
EndProject
Project("{FAE04EC0-301F-11D3-BF4B-00C04F79EFBC}") = "WebRole1", "WebRole1\WebRole1.csproj", "{9BED8ADB-2B24-495A-8639-D0790DF6C9DB}"
EndProject
Global
	GlobalSection(SolutionConfigurationPlatforms) = preSolution
		Debug|Any CPU = Debug|Any CPU
		Release|Any CPU = Release|Any CPU
	EndGlobalSection
	GlobalSection(ProjectConfigurationPlatforms) = postSolution
		{57324999-167F-47A5-B9A3-FFEC16DE3D16}.Debug|Any CPU.ActiveCfg = Debug|Any CPU
		{57324999-167F-47A5-B9A3-FFEC16DE3D16}.Debug|Any CPU.Build.0 = Debug|Any CPU
		{57324999-167F-47A5-B9A3-FFEC16DE3D16}.Release|Any CPU.ActiveCfg = Release|Any CPU
		{57324999-167F-47A5-B9A3-FFEC16DE3D16}.Release|Any CPU.Build.0 = Release|Any CPU
		{9BED8ADB-2B24-495A-8639-D0790DF6C9DB}.Debug|Any CPU.ActiveCfg = Debug|Any CPU
		{9BED8ADB-2B24-495A-8639-D0790DF6C9DB}.Debug|Any CPU.Build.0 = Debug|Any CPU
		{9BED8ADB-2B24-495A-8639-D0790DF6C9DB}.Release|Any CPU.ActiveCfg = Release|Any CPU
		{9BED8ADB-2B24-495A-8639-D0790DF6C9DB}.Release|Any CPU.Build.0 = Release|Any CPU
	EndGlobalSection
	GlobalSection(SolutionProperties) = preSolution
		HideSolutionNode = FALSE
	EndGlobalSection
EndGlobal
